
Microsoft Visual Studio Solution File, Format Version 12.00
# Visual Studio Version 17
VisualStudioVersion = 17.7.34009.444
MinimumVisualStudioVersion = 10.0.40219.1
Project("{FAE04EC0-301F-11D3-BF4B-00C04F79EFBC}") = "WebAppMVCDapper", "WebAppMVCDapper.csproj", "{AA7CDE85-97F9-47CC-B2B8-B40692355881}"
EndProject
Global
	GlobalSection(SolutionConfigurationPlatforms) = preSolution
		Debug|Any CPU = Debug|Any CPU
		Release|Any CPU = Release|Any CPU
	EndGlobalSection
	GlobalSection(ProjectConfigurationPlatforms) = postSolution
		{AA7CDE85-97F9-47CC-B2B8-B40692355881}.Debug|Any CPU.ActiveCfg = Debug|Any CPU
		{AA7CDE85-97F9-47CC-B2B8-B40692355881}.Debug|Any CPU.Build.0 = Debug|Any CPU
		{AA7CDE85-97F9-47CC-B2B8-B40692355881}.Release|Any CPU.ActiveCfg = Release|Any CPU
		{AA7CDE85-97F9-47CC-B2B8-B40692355881}.Release|Any CPU.Build.0 = Release|Any CPU
	EndGlobalSection
	GlobalSection(SolutionProperties) = preSolution
		HideSolutionNode = FALSE
	EndGlobalSection
	GlobalSection(ExtensibilityGlobals) = postSolution
		SolutionGuid = {0B6B0468-EEE0-4195-B4C9-FE1489A57ED2}
	EndGlobalSection
EndGlobal
